
Microsoft Visual Studio Solution File, Format Version 12.00
# Visual Studio Version 17
VisualStudioVersion = 17.4.33213.308
MinimumVisualStudioVersion = 10.0.40219.1
Project("{9A19103F-16F7-4668-BE54-9A1E7A4F7556}") = "MinecraftVsEnemies", "MinecraftVsEnemies.csproj", "{55E3B026-FBD0-4D43-9F98-FE7CB981D20E}"
EndProject
Project("{2150E333-8FDC-42A3-9474-1A3956D46DE8}") = "Solution Items", "Solution Items", "{ADCE979A-CCE9-4997-BA30-45237CB02252}"
	ProjectSection(SolutionItems) = preProject
		.editorconfig = .editorconfig
		envconfig.props = envconfig.props
	EndProjectSection
EndProject
Project("{8BC9CEB8-8B4A-11D0-8D11-00A0C91BC942}") = "NativeLib", "NativeLib\NativeLib.vcxproj", "{3A9EFA6D-8BCE-4BF0-A8E2-D3242BED6959}"
EndProject
Global
	GlobalSection(SolutionConfigurationPlatforms) = preSolution
		Debug|Any CPU = Debug|Any CPU
		Debug|x64 = Debug|x64
		Debug|x86 = Debug|x86
		ExportDebug|Any CPU = ExportDebug|Any CPU
		ExportDebug|x64 = ExportDebug|x64
		ExportDebug|x86 = ExportDebug|x86
		ExportRelease|Any CPU = ExportRelease|Any CPU
		ExportRelease|x64 = ExportRelease|x64
		ExportRelease|x86 = ExportRelease|x86
		Release|Any CPU = Release|Any CPU
		Release|x64 = Release|x64
		Release|x86 = Release|x86
	EndGlobalSection
	GlobalSection(ProjectConfigurationPlatforms) = postSolution
		{55E3B026-FBD0-4D43-9F98-FE7CB981D20E}.Debug|Any CPU.ActiveCfg = Debug|Any CPU
		{55E3B026-FBD0-4D43-9F98-FE7CB981D20E}.Debug|Any CPU.Build.0 = Debug|Any CPU
		{55E3B026-FBD0-4D43-9F98-FE7CB981D20E}.Debug|x64.ActiveCfg = Debug|Any CPU
		{55E3B026-FBD0-4D43-9F98-FE7CB981D20E}.Debug|x64.Build.0 = Debug|Any CPU
		{55E3B026-FBD0-4D43-9F98-FE7CB981D20E}.Debug|x86.ActiveCfg = Debug|x86
		{55E3B026-FBD0-4D43-9F98-FE7CB981D20E}.Debug|x86.Build.0 = Debug|x86
		{55E3B026-FBD0-4D43-9F98-FE7CB981D20E}.ExportDebug|Any CPU.ActiveCfg = ExportDebug|Any CPU
		{55E3B026-FBD0-4D43-9F98-FE7CB981D20E}.ExportDebug|Any CPU.Build.0 = ExportDebug|Any CPU
		{55E3B026-FBD0-4D43-9F98-FE7CB981D20E}.ExportDebug|x64.ActiveCfg = ExportDebug|Any CPU
		{55E3B026-FBD0-4D43-9F98-FE7CB981D20E}.ExportDebug|x64.Build.0 = ExportDebug|Any CPU
		{55E3B026-FBD0-4D43-9F98-FE7CB981D20E}.ExportDebug|x86.ActiveCfg = ExportDebug|Any CPU
		{55E3B026-FBD0-4D43-9F98-FE7CB981D20E}.ExportDebug|x86.Build.0 = ExportDebug|Any CPU
		{55E3B026-FBD0-4D43-9F98-FE7CB981D20E}.ExportRelease|Any CPU.ActiveCfg = ExportRelease|Any CPU
		{55E3B026-FBD0-4D43-9F98-FE7CB981D20E}.ExportRelease|Any CPU.Build.0 = ExportRelease|Any CPU
		{55E3B026-FBD0-4D43-9F98-FE7CB981D20E}.ExportRelease|x64.ActiveCfg = ExportRelease|Any CPU
		{55E3B026-FBD0-4D43-9F98-FE7CB981D20E}.ExportRelease|x64.Build.0 = ExportRelease|Any CPU
		{55E3B026-FBD0-4D43-9F98-FE7CB981D20E}.ExportRelease|x86.ActiveCfg = ExportRelease|Any CPU
		{55E3B026-FBD0-4D43-9F98-FE7CB981D20E}.ExportRelease|x86.Build.0 = ExportRelease|Any CPU
		{55E3B026-FBD0-4D43-9F98-FE7CB981D20E}.Release|Any CPU.ActiveCfg = ExportRelease|Any CPU
		{55E3B026-FBD0-4D43-9F98-FE7CB981D20E}.Release|Any CPU.Build.0 = ExportRelease|Any CPU
		{55E3B026-FBD0-4D43-9F98-FE7CB981D20E}.Release|x64.ActiveCfg = ExportRelease|Any CPU
		{55E3B026-FBD0-4D43-9F98-FE7CB981D20E}.Release|x64.Build.0 = ExportRelease|Any CPU
		{55E3B026-FBD0-4D43-9F98-FE7CB981D20E}.Release|x86.ActiveCfg = ExportRelease|Any CPU
		{55E3B026-FBD0-4D43-9F98-FE7CB981D20E}.Release|x86.Build.0 = ExportRelease|Any CPU
		{3A9EFA6D-8BCE-4BF0-A8E2-D3242BED6959}.Debug|Any CPU.ActiveCfg = Debug|x64
		{3A9EFA6D-8BCE-4BF0-A8E2-D3242BED6959}.Debug|Any CPU.Build.0 = Debug|x64
		{3A9EFA6D-8BCE-4BF0-A8E2-D3242BED6959}.Debug|x64.ActiveCfg = Debug|x64
		{3A9EFA6D-8BCE-4BF0-A8E2-D3242BED6959}.Debug|x64.Build.0 = Debug|x64
		{3A9EFA6D-8BCE-4BF0-A8E2-D3242BED6959}.Debug|x86.ActiveCfg = Debug|Win32
		{3A9EFA6D-8BCE-4BF0-A8E2-D3242BED6959}.Debug|x86.Build.0 = Debug|Win32
		{3A9EFA6D-8BCE-4BF0-A8E2-D3242BED6959}.ExportDebug|Any CPU.ActiveCfg = Debug|x64
		{3A9EFA6D-8BCE-4BF0-A8E2-D3242BED6959}.ExportDebug|Any CPU.Build.0 = Debug|x64
		{3A9EFA6D-8BCE-4BF0-A8E2-D3242BED6959}.ExportDebug|x64.ActiveCfg = Debug|x64
		{3A9EFA6D-8BCE-4BF0-A8E2-D3242BED6959}.ExportDebug|x64.Build.0 = Debug|x64
		{3A9EFA6D-8BCE-4BF0-A8E2-D3242BED6959}.ExportDebug|x86.ActiveCfg = Debug|Win32
		{3A9EFA6D-8BCE-4BF0-A8E2-D3242BED6959}.ExportDebug|x86.Build.0 = Debug|Win32
		{3A9EFA6D-8BCE-4BF0-A8E2-D3242BED6959}.ExportRelease|Any CPU.ActiveCfg = Release|x64
		{3A9EFA6D-8BCE-4BF0-A8E2-D3242BED6959}.ExportRelease|Any CPU.Build.0 = Release|x64
		{3A9EFA6D-8BCE-4BF0-A8E2-D3242BED6959}.ExportRelease|x64.ActiveCfg = Release|x64
		{3A9EFA6D-8BCE-4BF0-A8E2-D3242BED6959}.ExportRelease|x64.Build.0 = Release|x64
		{3A9EFA6D-8BCE-4BF0-A8E2-D3242BED6959}.ExportRelease|x86.ActiveCfg = Release|Win32
		{3A9EFA6D-8BCE-4BF0-A8E2-D3242BED6959}.ExportRelease|x86.Build.0 = Release|Win32
		{3A9EFA6D-8BCE-4BF0-A8E2-D3242BED6959}.Release|Any CPU.ActiveCfg = Release|x64
		{3A9EFA6D-8BCE-4BF0-A8E2-D3242BED6959}.Release|Any CPU.Build.0 = Release|x64
		{3A9EFA6D-8BCE-4BF0-A8E2-D3242BED6959}.Release|x64.ActiveCfg = Release|x64
		{3A9EFA6D-8BCE-4BF0-A8E2-D3242BED6959}.Release|x64.Build.0 = Release|x64
		{3A9EFA6D-8BCE-4BF0-A8E2-D3242BED6959}.Release|x86.ActiveCfg = Release|Win32
		{3A9EFA6D-8BCE-4BF0-A8E2-D3242BED6959}.Release|x86.Build.0 = Release|Win32
	EndGlobalSection
	GlobalSection(SolutionProperties) = preSolution
		HideSolutionNode = FALSE
	EndGlobalSection
	GlobalSection(ExtensibilityGlobals) = postSolution
		SolutionGuid = {4E2A4B3C-23FF-469D-890E-CD64D0F6F86D}
	EndGlobalSection
EndGlobal
