
Microsoft Visual Studio Solution File, Format Version 12.00
# Visual Studio Version 17
VisualStudioVersion = 17.4.33213.308
MinimumVisualStudioVersion = 10.0.40219.1
Project("{9A19103F-16F7-4668-BE54-9A1E7A4F7556}") = "MinecraftVsEnemies", "MinecraftVsEnemies.csproj", "{55E3B026-FBD0-4D43-9F98-FE7CB981D20E}"
EndProject
Project("{2150E333-8FDC-42A3-9474-1A3956D46DE8}") = "Solution Items", "Solution Items", "{ADCE979A-CCE9-4997-BA30-45237CB02252}"
	ProjectSection(SolutionItems) = preProject
		.editorconfig = .editorconfig
	EndProjectSection
EndProject
Project("{D954291E-2A0B-460D-934E-DC6B0785DB48}") = "SalState", "SalState\SalState.shproj", "{840CA580-1CE6-453D-B28F-A71F30FF3233}"
EndProject
Global
	GlobalSection(SolutionConfigurationPlatforms) = preSolution
		Debug|Any CPU = Debug|Any CPU
		ExportDebug|Any CPU = ExportDebug|Any CPU
		ExportRelease|Any CPU = ExportRelease|Any CPU
	EndGlobalSection
	GlobalSection(ProjectConfigurationPlatforms) = postSolution
		{55E3B026-FBD0-4D43-9F98-FE7CB981D20E}.Debug|Any CPU.ActiveCfg = Debug|Any CPU
		{55E3B026-FBD0-4D43-9F98-FE7CB981D20E}.Debug|Any CPU.Build.0 = Debug|Any CPU
		{55E3B026-FBD0-4D43-9F98-FE7CB981D20E}.ExportDebug|Any CPU.ActiveCfg = ExportDebug|Any CPU
		{55E3B026-FBD0-4D43-9F98-FE7CB981D20E}.ExportDebug|Any CPU.Build.0 = ExportDebug|Any CPU
		{55E3B026-FBD0-4D43-9F98-FE7CB981D20E}.ExportRelease|Any CPU.ActiveCfg = ExportRelease|Any CPU
		{55E3B026-FBD0-4D43-9F98-FE7CB981D20E}.ExportRelease|Any CPU.Build.0 = ExportRelease|Any CPU
	EndGlobalSection
	GlobalSection(SolutionProperties) = preSolution
		HideSolutionNode = FALSE
	EndGlobalSection
	GlobalSection(ExtensibilityGlobals) = postSolution
		SolutionGuid = {4E2A4B3C-23FF-469D-890E-CD64D0F6F86D}
	EndGlobalSection
	GlobalSection(SharedMSBuildProjectFiles) = preSolution
		SalState\SalState.projitems*{55e3b026-fbd0-4d43-9f98-fe7cb981d20e}*SharedItemsImports = 5
		SalState\SalState.projitems*{840ca580-1ce6-453d-b28f-a71f30ff3233}*SharedItemsImports = 13
	EndGlobalSection
EndGlobal
